
Microsoft Visual Studio Solution File, Format Version 12.00
# Visual Studio Express 2012 for Windows Desktop
Project("{F184B08F-C81C-45F6-A57F-5ABD9991F28F}") = "PSO2A", "PSO2A\PSO2A.vbproj", "{DD8CE986-A13B-4C37-ABE5-632FFAD993B5}"
EndProject
Project("{F184B08F-C81C-45F6-A57F-5ABD9991F28F}") = "PSO2A Updater", "..\PSO2A Updater\WindowsApplication2\PSO2A Updater.vbproj", "{1B3D3229-0855-42DC-AA7F-858E0506F946}"
EndProject
Global
	GlobalSection(SolutionConfigurationPlatforms) = preSolution
		Debug|Any CPU = Debug|Any CPU
		Release|Any CPU = Release|Any CPU
	EndGlobalSection
	GlobalSection(ProjectConfigurationPlatforms) = postSolution
		{DD8CE986-A13B-4C37-ABE5-632FFAD993B5}.Debug|Any CPU.ActiveCfg = Debug|Any CPU
		{DD8CE986-A13B-4C37-ABE5-632FFAD993B5}.Debug|Any CPU.Build.0 = Debug|Any CPU
		{DD8CE986-A13B-4C37-ABE5-632FFAD993B5}.Release|Any CPU.ActiveCfg = Release|Any CPU
		{DD8CE986-A13B-4C37-ABE5-632FFAD993B5}.Release|Any CPU.Build.0 = Release|Any CPU
		{1B3D3229-0855-42DC-AA7F-858E0506F946}.Debug|Any CPU.ActiveCfg = Debug|Any CPU
		{1B3D3229-0855-42DC-AA7F-858E0506F946}.Debug|Any CPU.Build.0 = Debug|Any CPU
		{1B3D3229-0855-42DC-AA7F-858E0506F946}.Release|Any CPU.ActiveCfg = Release|Any CPU
		{1B3D3229-0855-42DC-AA7F-858E0506F946}.Release|Any CPU.Build.0 = Release|Any CPU
	EndGlobalSection
	GlobalSection(SolutionProperties) = preSolution
		HideSolutionNode = FALSE
	EndGlobalSection
EndGlobal
